<?xml version="1.0" encoding="utf-8"?>
<Project ToolsVersion="4.0" xmlns="http://schemas.microsoft.com/developer/msbuild/2003">
  <ItemGroup>
    <ClCompile Include="channel.cpp">
      <Filter>Source Files</Filter>
    </ClCompile>
    <ClCompile Include="buffer.cpp">
      <Filter>Source Files</Filter>
    </ClCompile>
    <ClCompile Include="app.cpp">
      <Filter>Source Files</Filter>
    </ClCompile>
  </ItemGroup>
  <ItemGroup>
    <ClInclude Include="app.h">
      <Filter>Header Files</Filter>
    </ClInclude>
    <ClInclude Include="buffer.h">
      <Filter>Header Files</Filter>
    </ClInclude>
    <ClInclude Include="channel.h">
      <Filter>Header Files</Filter>
    </ClInclude>
  </ItemGroup>
  <ItemGroup>
    <Filter Include="Header Files">
      <UniqueIdentifier>{b9b16be1-57bc-4e62-850d-6b4184c06676}</UniqueIdentifier>
    </Filter>
    <Filter Include="Source Files">
      <UniqueIdentifier>{d2bf6c77-5b4a-4dcc-ab68-bf9e75191ffc}</UniqueIdentifier>
    </Filter>
    <Filter Include="Resource Files">
      <UniqueIdentifier>{12d13470-4b4e-4a10-9f0e-d8d68c488f70}</UniqueIdentifier>
    </Filter>
  </ItemGroup>
  <ItemGroup>
    <None Include=".editorconfig">
      <Filter>Resource Files</Filter>
    </None>
    <None Include="Makefile">
      <Filter>Resource Files</Filter>
    </None>
    <None Include=".gdbinit">
      <Filter>Resource Files</Filter>
    </None>
    <None Include="README.md">
      <Filter>Resource Files</Filter>
    </None>
    <None Include=".gitignore">
      <Filter>Resource Files</Filter>
    </None>
    <None Include="make.bat">
      <Filter>Resource Files</Filter>
    </None>
    <None Include="jen.bat">
      <Filter>Resource Files</Filter>
    </None>
    <None Include="jen.conf">
      <Filter>Resource Files</Filter>
    </None>
    <None Include="jen.service">
      <Filter>Resource Files</Filter>
    </None>
    <None Include="jen.sh">
      <Filter>Resource Files</Filter>
    </None>
  </ItemGroup>
</Project>