<?xml version="1.0" encoding="utf-8"?>
<Project ToolsVersion="4.0" xmlns="http://schemas.microsoft.com/developer/msbuild/2003">
  <ItemGroup>
    <ClCompile Include="channel.cpp">
      <Filter>Source Files</Filter>
    </ClCompile>
    <ClCompile Include="buffer.cpp">
      <Filter>Source Files</Filter>
    </ClCompile>
    <ClCompile Include="app.cpp">
      <Filter>Source Files</Filter>
    </ClCompile>
    <ClCompile Include="aes.cpp">
      <Filter>Source Files</Filter>
    </ClCompile>
    <ClCompile Include="api.cpp">
      <Filter>Source Files</Filter>
    </ClCompile>
    <ClCompile Include="asn.cpp">
      <Filter>Source Files</Filter>
    </ClCompile>
    <ClCompile Include="base64.cpp">
      <Filter>Source Files</Filter>
    </ClCompile>
    <ClCompile Include="cipher.cpp">
      <Filter>Source Files</Filter>
    </ClCompile>
    <ClCompile Include="compress.cpp">
      <Filter>Source Files</Filter>
    </ClCompile>
    <ClCompile Include="crc32.cpp">
      <Filter>Source Files</Filter>
    </ClCompile>
    <ClCompile Include="deflate.cpp">
      <Filter>Source Files</Filter>
    </ClCompile>
    <ClCompile Include="des.cpp">
      <Filter>Source Files</Filter>
    </ClCompile>
    <ClCompile Include="digest.cpp">
      <Filter>Source Files</Filter>
    </ClCompile>
    <ClCompile Include="file.cpp">
      <Filter>Source Files</Filter>
    </ClCompile>
    <ClCompile Include="hmac.cpp">
      <Filter>Source Files</Filter>
    </ClCompile>
    <ClCompile Include="inflate.cpp">
      <Filter>Source Files</Filter>
    </ClCompile>
    <ClCompile Include="md5.cpp">
      <Filter>Source Files</Filter>
    </ClCompile>
    <ClCompile Include="num.cpp">
      <Filter>Source Files</Filter>
    </ClCompile>
    <ClCompile Include="pbc2.cpp">
      <Filter>Source Files</Filter>
    </ClCompile>
    <ClCompile Include="prng.cpp">
      <Filter>Source Files</Filter>
    </ClCompile>
    <ClCompile Include="random.cpp">
      <Filter>Source Files</Filter>
    </ClCompile>
    <ClCompile Include="rsa.cpp">
      <Filter>Source Files</Filter>
    </ClCompile>
    <ClCompile Include="sha.cpp">
      <Filter>Source Files</Filter>
    </ClCompile>
    <ClCompile Include="socket.cpp">
      <Filter>Source Files</Filter>
    </ClCompile>
    <ClCompile Include="uri.cpp">
      <Filter>Source Files</Filter>
    </ClCompile>
    <ClCompile Include="x509.cpp">
      <Filter>Source Files</Filter>
    </ClCompile>
    <ClCompile Include="log.cpp">
      <Filter>Source Files</Filter>
    </ClCompile>
  </ItemGroup>
  <ItemGroup>
    <ClInclude Include="app.h">
      <Filter>Header Files</Filter>
    </ClInclude>
    <ClInclude Include="buffer.h">
      <Filter>Header Files</Filter>
    </ClInclude>
    <ClInclude Include="channel.h">
      <Filter>Header Files</Filter>
    </ClInclude>
    <ClInclude Include="aes.h">
      <Filter>Header Files</Filter>
    </ClInclude>
    <ClInclude Include="api.h">
      <Filter>Header Files</Filter>
    </ClInclude>
    <ClInclude Include="asn.h">
      <Filter>Header Files</Filter>
    </ClInclude>
    <ClInclude Include="base64.h">
      <Filter>Header Files</Filter>
    </ClInclude>
    <ClInclude Include="cipher.h">
      <Filter>Header Files</Filter>
    </ClInclude>
    <ClInclude Include="compress.h">
      <Filter>Header Files</Filter>
    </ClInclude>
    <ClInclude Include="crc32.h">
      <Filter>Header Files</Filter>
    </ClInclude>
    <ClInclude Include="deflate.h">
      <Filter>Header Files</Filter>
    </ClInclude>
    <ClInclude Include="des.h">
      <Filter>Header Files</Filter>
    </ClInclude>
    <ClInclude Include="digest.h">
      <Filter>Header Files</Filter>
    </ClInclude>
    <ClInclude Include="file.h">
      <Filter>Header Files</Filter>
    </ClInclude>
    <ClInclude Include="hmac.h">
      <Filter>Header Files</Filter>
    </ClInclude>
    <ClInclude Include="inflate.h">
      <Filter>Header Files</Filter>
    </ClInclude>
    <ClInclude Include="log.h">
      <Filter>Header Files</Filter>
    </ClInclude>
    <ClInclude Include="md5.h">
      <Filter>Header Files</Filter>
    </ClInclude>
    <ClInclude Include="num.h">
      <Filter>Header Files</Filter>
    </ClInclude>
    <ClInclude Include="oid.h">
      <Filter>Header Files</Filter>
    </ClInclude>
    <ClInclude Include="pbc2.h">
      <Filter>Header Files</Filter>
    </ClInclude>
    <ClInclude Include="prng.h">
      <Filter>Header Files</Filter>
    </ClInclude>
    <ClInclude Include="random.h">
      <Filter>Header Files</Filter>
    </ClInclude>
    <ClInclude Include="rsa.h">
      <Filter>Header Files</Filter>
    </ClInclude>
    <ClInclude Include="sha.h">
      <Filter>Header Files</Filter>
    </ClInclude>
    <ClInclude Include="socket.h">
      <Filter>Header Files</Filter>
    </ClInclude>
    <ClInclude Include="uri.h">
      <Filter>Header Files</Filter>
    </ClInclude>
    <ClInclude Include="x509.h">
      <Filter>Header Files</Filter>
    </ClInclude>
  </ItemGroup>
  <ItemGroup>
    <Filter Include="Header Files">
      <UniqueIdentifier>{b9b16be1-57bc-4e62-850d-6b4184c06676}</UniqueIdentifier>
    </Filter>
    <Filter Include="Source Files">
      <UniqueIdentifier>{d2bf6c77-5b4a-4dcc-ab68-bf9e75191ffc}</UniqueIdentifier>
    </Filter>
    <Filter Include="Resource Files">
      <UniqueIdentifier>{12d13470-4b4e-4a10-9f0e-d8d68c488f70}</UniqueIdentifier>
    </Filter>
  </ItemGroup>
  <ItemGroup>
    <None Include=".editorconfig">
      <Filter>Resource Files</Filter>
    </None>
    <None Include="Makefile">
      <Filter>Resource Files</Filter>
    </None>
    <None Include=".gdbinit">
      <Filter>Resource Files</Filter>
    </None>
    <None Include="README.md">
      <Filter>Resource Files</Filter>
    </None>
    <None Include=".gitignore">
      <Filter>Resource Files</Filter>
    </None>
    <None Include="make.bat">
      <Filter>Resource Files</Filter>
    </None>
    <None Include="jen.bat">
      <Filter>Resource Files</Filter>
    </None>
    <None Include="jen.conf">
      <Filter>Resource Files</Filter>
    </None>
    <None Include="jen.service">
      <Filter>Resource Files</Filter>
    </None>
    <None Include="jen.sh">
      <Filter>Resource Files</Filter>
    </None>
  </ItemGroup>
</Project>